// !$*UTF8*$!
{
	archiveVersion = 1;
	classes = {
	};
	objectVersion = 56;
	objects = {

/* Begin PBXBuildFile section */
		5DD8DFFE2D6665F900C05C35 /* SplashScreen.swift in Sources */ = {isa = PBXBuildFile; fileRef = 5DD8DFFD2D6665F900C05C35 /* SplashScreen.swift */; };
		5DD8E0002D666B0400C05C35 /* HomeScreen.swift in Sources */ = {isa = PBXBuildFile; fileRef = 5DD8DFFF2D666B0400C05C35 /* HomeScreen.swift */; };
		5DD8E0052D66701600C05C35 /* FirebaseAuth in Frameworks */ = {isa = PBXBuildFile; productRef = 5DD8E0042D66701600C05C35 /* FirebaseAuth */; };
		5DD8E0072D66701600C05C35 /* FirebaseFirestore in Frameworks */ = {isa = PBXBuildFile; productRef = 5DD8E0062D66701600C05C35 /* FirebaseFirestore */; };
		5DD8E00B2D66728500C05C35 /* GoogleService-Info.plist in Resources */ = {isa = PBXBuildFile; fileRef = 5DD8E00A2D66728500C05C35 /* GoogleService-Info.plist */; };
		5DD8E00D2D66749C00C05C35 /* LoginScreen.swift in Sources */ = {isa = PBXBuildFile; fileRef = 5DD8E00C2D66749C00C05C35 /* LoginScreen.swift */; };
		5DD8E00F2D6674AF00C05C35 /* User.swift in Sources */ = {isa = PBXBuildFile; fileRef = 5DD8E00E2D6674AF00C05C35 /* User.swift */; };
		5DD8E0122D6675B800C05C35 /* FirebaseManager.swift in Sources */ = {isa = PBXBuildFile; fileRef = 5DD8E0112D6675B800C05C35 /* FirebaseManager.swift */; };
		B0007F9F2D5D35A6003C682A /* ChefMate_Recipe_AppApp.swift in Sources */ = {isa = PBXBuildFile; fileRef = B0007F9E2D5D35A6003C682A /* ChefMate_Recipe_AppApp.swift */; };
		B0007FA12D5D35A6003C682A /* ContentView.swift in Sources */ = {isa = PBXBuildFile; fileRef = B0007FA02D5D35A6003C682A /* ContentView.swift */; };
		B0007FA32D5D35A8003C682A /* Assets.xcassets in Resources */ = {isa = PBXBuildFile; fileRef = B0007FA22D5D35A8003C682A /* Assets.xcassets */; };
		B0007FA62D5D35A8003C682A /* Preview Assets.xcassets in Resources */ = {isa = PBXBuildFile; fileRef = B0007FA52D5D35A8003C682A /* Preview Assets.xcassets */; };
		B063E2722D81F4F60017759E /* ApiManager.swift in Sources */ = {isa = PBXBuildFile; fileRef = B063E2712D81F4F60017759E /* ApiManager.swift */; };
		B063E2742D81F53F0017759E /* Recipe.swift in Sources */ = {isa = PBXBuildFile; fileRef = B063E2732D81F53F0017759E /* Recipe.swift */; };
		B063E2762D8206000017759E /* RecipeScrollView.swift in Sources */ = {isa = PBXBuildFile; fileRef = B063E2752D8206000017759E /* RecipeScrollView.swift */; };
		B063E2782D820A4A0017759E /* RecipeCard.swift in Sources */ = {isa = PBXBuildFile; fileRef = B063E2772D820A4A0017759E /* RecipeCard.swift */; };
		B063E27A2D83078F0017759E /* ExploreScreen.swift in Sources */ = {isa = PBXBuildFile; fileRef = B063E2792D83078F0017759E /* ExploreScreen.swift */; };
		B063E27C2D8313840017759E /* RecipeInfoView.swift in Sources */ = {isa = PBXBuildFile; fileRef = B063E27B2D8313840017759E /* RecipeInfoView.swift */; };
		B063E27E2D832F740017759E /* Filter.swift in Sources */ = {isa = PBXBuildFile; fileRef = B063E27D2D832F740017759E /* Filter.swift */; };
		B08D78EF2D876FDC00621B21 /* Ingredient.swift in Sources */ = {isa = PBXBuildFile; fileRef = B08D78EE2D876FDC00621B21 /* Ingredient.swift */; };
		B08D78F12D87732A00621B21 /* Recipe Card Model.swift in Sources */ = {isa = PBXBuildFile; fileRef = B08D78F02D87732A00621B21 /* Recipe Card Model.swift */; };
		B09646D72D8A50FB00C481AB /* StripHTML.swift in Sources */ = {isa = PBXBuildFile; fileRef = B09646D62D8A50FB00C481AB /* StripHTML.swift */; };
		B0A1A8062D947F3C006A484F /* PortfolioScreen.swift in Sources */ = {isa = PBXBuildFile; fileRef = B0A1A8052D947F3C006A484F /* PortfolioScreen.swift */; };
		B0A1A8082D94801E006A484F /* ProfileScreen.swift in Sources */ = {isa = PBXBuildFile; fileRef = B0A1A8072D94801E006A484F /* ProfileScreen.swift */; };
		B0A585A32D79F039009EEAC1 /* RegisterScreen.swift in Sources */ = {isa = PBXBuildFile; fileRef = B0A585A22D79F039009EEAC1 /* RegisterScreen.swift */; };
		B0A585A52D79FD35009EEAC1 /* HomeView.swift in Sources */ = {isa = PBXBuildFile; fileRef = B0A585A42D79FD35009EEAC1 /* HomeView.swift */; };
		B0F3074E2D90B5E900ACEA7F /* Instruction.swift in Sources */ = {isa = PBXBuildFile; fileRef = B0F3074D2D90B5E900ACEA7F /* Instruction.swift */; };
		B0F307502D90B5F100ACEA7F /* Step.swift in Sources */ = {isa = PBXBuildFile; fileRef = B0F3074F2D90B5F100ACEA7F /* Step.swift */; };
		D77165DA2D8F666C00886C91 /* RecipeSearchBuilder.swift in Sources */ = {isa = PBXBuildFile; fileRef = D77165D92D8F666200886C91 /* RecipeSearchBuilder.swift */; };
		D77165E02D8F79A600886C91 /* RecipeSearchResult.swift in Sources */ = {isa = PBXBuildFile; fileRef = D77165DF2D8F799100886C91 /* RecipeSearchResult.swift */; };
/* End PBXBuildFile section */

/* Begin PBXFileReference section */
		5DD8DFFD2D6665F900C05C35 /* SplashScreen.swift */ = {isa = PBXFileReference; lastKnownFileType = sourcecode.swift; path = SplashScreen.swift; sourceTree = "<group>"; };
		5DD8DFFF2D666B0400C05C35 /* HomeScreen.swift */ = {isa = PBXFileReference; lastKnownFileType = sourcecode.swift; path = HomeScreen.swift; sourceTree = "<group>"; };
		5DD8E00A2D66728500C05C35 /* GoogleService-Info.plist */ = {isa = PBXFileReference; fileEncoding = 4; lastKnownFileType = text.plist.xml; path = "GoogleService-Info.plist"; sourceTree = "<group>"; };
		5DD8E00C2D66749C00C05C35 /* LoginScreen.swift */ = {isa = PBXFileReference; lastKnownFileType = sourcecode.swift; path = LoginScreen.swift; sourceTree = "<group>"; };
		5DD8E00E2D6674AF00C05C35 /* User.swift */ = {isa = PBXFileReference; lastKnownFileType = sourcecode.swift; path = User.swift; sourceTree = "<group>"; };
		5DD8E0112D6675B800C05C35 /* FirebaseManager.swift */ = {isa = PBXFileReference; lastKnownFileType = sourcecode.swift; path = FirebaseManager.swift; sourceTree = "<group>"; };
		B0007F9B2D5D35A6003C682A /* ChefMate Recipe App.app */ = {isa = PBXFileReference; explicitFileType = wrapper.application; includeInIndex = 0; path = "ChefMate Recipe App.app"; sourceTree = BUILT_PRODUCTS_DIR; };
		B0007F9E2D5D35A6003C682A /* ChefMate_Recipe_AppApp.swift */ = {isa = PBXFileReference; lastKnownFileType = sourcecode.swift; path = ChefMate_Recipe_AppApp.swift; sourceTree = "<group>"; };
		B0007FA02D5D35A6003C682A /* ContentView.swift */ = {isa = PBXFileReference; lastKnownFileType = sourcecode.swift; path = ContentView.swift; sourceTree = "<group>"; };
		B0007FA22D5D35A8003C682A /* Assets.xcassets */ = {isa = PBXFileReference; lastKnownFileType = folder.assetcatalog; path = Assets.xcassets; sourceTree = "<group>"; };
		B0007FA52D5D35A8003C682A /* Preview Assets.xcassets */ = {isa = PBXFileReference; lastKnownFileType = folder.assetcatalog; path = "Preview Assets.xcassets"; sourceTree = "<group>"; };
		B063E2712D81F4F60017759E /* ApiManager.swift */ = {isa = PBXFileReference; fileEncoding = 4; lastKnownFileType = sourcecode.swift; path = ApiManager.swift; sourceTree = "<group>"; };
		B063E2732D81F53F0017759E /* Recipe.swift */ = {isa = PBXFileReference; fileEncoding = 4; lastKnownFileType = sourcecode.swift; path = Recipe.swift; sourceTree = "<group>"; };
		B063E2752D8206000017759E /* RecipeScrollView.swift */ = {isa = PBXFileReference; lastKnownFileType = sourcecode.swift; path = RecipeScrollView.swift; sourceTree = "<group>"; };
		B063E2772D820A4A0017759E /* RecipeCard.swift */ = {isa = PBXFileReference; lastKnownFileType = sourcecode.swift; path = RecipeCard.swift; sourceTree = "<group>"; };
		B063E2792D83078F0017759E /* ExploreScreen.swift */ = {isa = PBXFileReference; lastKnownFileType = sourcecode.swift; path = ExploreScreen.swift; sourceTree = "<group>"; };
		B063E27B2D8313840017759E /* RecipeInfoView.swift */ = {isa = PBXFileReference; lastKnownFileType = sourcecode.swift; path = RecipeInfoView.swift; sourceTree = "<group>"; };
		B063E27D2D832F740017759E /* Filter.swift */ = {isa = PBXFileReference; fileEncoding = 4; lastKnownFileType = sourcecode.swift; path = Filter.swift; sourceTree = "<group>"; };
		B08D78EE2D876FDC00621B21 /* Ingredient.swift */ = {isa = PBXFileReference; lastKnownFileType = sourcecode.swift; path = Ingredient.swift; sourceTree = "<group>"; };
		B08D78F02D87732A00621B21 /* Recipe Card Model.swift */ = {isa = PBXFileReference; lastKnownFileType = sourcecode.swift; path = "Recipe Card Model.swift"; sourceTree = "<group>"; };
		B09646D62D8A50FB00C481AB /* StripHTML.swift */ = {isa = PBXFileReference; lastKnownFileType = sourcecode.swift; path = StripHTML.swift; sourceTree = "<group>"; };
		B0A1A8052D947F3C006A484F /* PortfolioScreen.swift */ = {isa = PBXFileReference; lastKnownFileType = sourcecode.swift; path = PortfolioScreen.swift; sourceTree = "<group>"; };
		B0A1A8072D94801E006A484F /* ProfileScreen.swift */ = {isa = PBXFileReference; lastKnownFileType = sourcecode.swift; path = ProfileScreen.swift; sourceTree = "<group>"; };
		B0A585A22D79F039009EEAC1 /* RegisterScreen.swift */ = {isa = PBXFileReference; lastKnownFileType = sourcecode.swift; path = RegisterScreen.swift; sourceTree = "<group>"; };
		B0A585A42D79FD35009EEAC1 /* HomeView.swift */ = {isa = PBXFileReference; lastKnownFileType = sourcecode.swift; path = HomeView.swift; sourceTree = "<group>"; };
		B0F3074D2D90B5E900ACEA7F /* Instruction.swift */ = {isa = PBXFileReference; lastKnownFileType = sourcecode.swift; path = Instruction.swift; sourceTree = "<group>"; };
		B0F3074F2D90B5F100ACEA7F /* Step.swift */ = {isa = PBXFileReference; lastKnownFileType = sourcecode.swift; path = Step.swift; sourceTree = "<group>"; };
		D77165D92D8F666200886C91 /* RecipeSearchBuilder.swift */ = {isa = PBXFileReference; lastKnownFileType = sourcecode.swift; path = RecipeSearchBuilder.swift; sourceTree = "<group>"; };
		D77165DF2D8F799100886C91 /* RecipeSearchResult.swift */ = {isa = PBXFileReference; lastKnownFileType = sourcecode.swift; path = RecipeSearchResult.swift; sourceTree = "<group>"; };
/* End PBXFileReference section */

/* Begin PBXFrameworksBuildPhase section */
		B0007F982D5D35A6003C682A /* Frameworks */ = {
			isa = PBXFrameworksBuildPhase;
			buildActionMask = 2147483647;
			files = (
				5DD8E0052D66701600C05C35 /* FirebaseAuth in Frameworks */,
				5DD8E0072D66701600C05C35 /* FirebaseFirestore in Frameworks */,
			);
			runOnlyForDeploymentPostprocessing = 0;
		};
/* End PBXFrameworksBuildPhase section */

/* Begin PBXGroup section */
		5DD8DFFB2D66658B00C05C35 /* Views */ = {
			isa = PBXGroup;
			children = (
				5DD8DFFD2D6665F900C05C35 /* SplashScreen.swift */,
				5DD8DFFF2D666B0400C05C35 /* HomeScreen.swift */,
				5DD8E00C2D66749C00C05C35 /* LoginScreen.swift */,
				B0A585A22D79F039009EEAC1 /* RegisterScreen.swift */,
				B0A585A42D79FD35009EEAC1 /* HomeView.swift */,
				B063E2752D8206000017759E /* RecipeScrollView.swift */,
				B063E2772D820A4A0017759E /* RecipeCard.swift */,
				B063E2792D83078F0017759E /* ExploreScreen.swift */,
				B063E27B2D8313840017759E /* RecipeInfoView.swift */,
				B0A1A8052D947F3C006A484F /* PortfolioScreen.swift */,
				B0A1A8072D94801E006A484F /* ProfileScreen.swift */,
			);
			path = Views;
			sourceTree = "<group>";
		};
		5DD8DFFC2D66659100C05C35 /* Models */ = {
			isa = PBXGroup;
			children = (
				D77165DF2D8F799100886C91 /* RecipeSearchResult.swift */,
				D77165D92D8F666200886C91 /* RecipeSearchBuilder.swift */,
				B063E27D2D832F740017759E /* Filter.swift */,
				B063E2732D81F53F0017759E /* Recipe.swift */,
				5DD8E00E2D6674AF00C05C35 /* User.swift */,
				B08D78EE2D876FDC00621B21 /* Ingredient.swift */,
				B08D78F02D87732A00621B21 /* Recipe Card Model.swift */,
				B09646D62D8A50FB00C481AB /* StripHTML.swift */,
				B0F3074D2D90B5E900ACEA7F /* Instruction.swift */,
				B0F3074F2D90B5F100ACEA7F /* Step.swift */,
			);
			path = Models;
			sourceTree = "<group>";
		};
		5DD8E0102D66757800C05C35 /* Controller */ = {
			isa = PBXGroup;
			children = (
				B063E2712D81F4F60017759E /* ApiManager.swift */,
				5DD8E0112D6675B800C05C35 /* FirebaseManager.swift */,
			);
			path = Controller;
			sourceTree = "<group>";
		};
		B0007F922D5D35A6003C682A = {
			isa = PBXGroup;
			children = (
				B0007F9D2D5D35A6003C682A /* ChefMate Recipe App */,
				B0007F9C2D5D35A6003C682A /* Products */,
			);
			sourceTree = "<group>";
		};
		B0007F9C2D5D35A6003C682A /* Products */ = {
			isa = PBXGroup;
			children = (
				B0007F9B2D5D35A6003C682A /* ChefMate Recipe App.app */,
			);
			name = Products;
			sourceTree = "<group>";
		};
		B0007F9D2D5D35A6003C682A /* ChefMate Recipe App */ = {
			isa = PBXGroup;
			children = (
				5DD8E0102D66757800C05C35 /* Controller */,
				5DD8E00A2D66728500C05C35 /* GoogleService-Info.plist */,
				5DD8DFFC2D66659100C05C35 /* Models */,
				5DD8DFFB2D66658B00C05C35 /* Views */,
				B0007F9E2D5D35A6003C682A /* ChefMate_Recipe_AppApp.swift */,
				B0007FA02D5D35A6003C682A /* ContentView.swift */,
				B0007FA22D5D35A8003C682A /* Assets.xcassets */,
				B0007FA42D5D35A8003C682A /* Preview Content */,
			);
			path = "ChefMate Recipe App";
			sourceTree = "<group>";
		};
		B0007FA42D5D35A8003C682A /* Preview Content */ = {
			isa = PBXGroup;
			children = (
				B0007FA52D5D35A8003C682A /* Preview Assets.xcassets */,
			);
			path = "Preview Content";
			sourceTree = "<group>";
		};
/* End PBXGroup section */

/* Begin PBXNativeTarget section */
		B0007F9A2D5D35A6003C682A /* ChefMate Recipe App */ = {
			isa = PBXNativeTarget;
			buildConfigurationList = B0007FA92D5D35A8003C682A /* Build configuration list for PBXNativeTarget "ChefMate Recipe App" */;
			buildPhases = (
				B0007F972D5D35A6003C682A /* Sources */,
				B0007F982D5D35A6003C682A /* Frameworks */,
				B0007F992D5D35A6003C682A /* Resources */,
			);
			buildRules = (
			);
			dependencies = (
			);
			name = "ChefMate Recipe App";
			packageProductDependencies = (
				5DD8E0042D66701600C05C35 /* FirebaseAuth */,
				5DD8E0062D66701600C05C35 /* FirebaseFirestore */,
			);
			productName = "ChefMate Recipe App";
			productReference = B0007F9B2D5D35A6003C682A /* ChefMate Recipe App.app */;
			productType = "com.apple.product-type.application";
		};
/* End PBXNativeTarget section */

/* Begin PBXProject section */
		B0007F932D5D35A6003C682A /* Project object */ = {
			isa = PBXProject;
			attributes = {
				BuildIndependentTargetsInParallel = 1;
				LastSwiftUpdateCheck = 1420;
				LastUpgradeCheck = 1420;
				TargetAttributes = {
					B0007F9A2D5D35A6003C682A = {
						CreatedOnToolsVersion = 14.2;
					};
				};
			};
			buildConfigurationList = B0007F962D5D35A6003C682A /* Build configuration list for PBXProject "ChefMate Recipe App" */;
			compatibilityVersion = "Xcode 14.0";
			developmentRegion = en;
			hasScannedForEncodings = 0;
			knownRegions = (
				en,
				Base,
			);
			mainGroup = B0007F922D5D35A6003C682A;
			packageReferences = (
				5DD8E0032D66701600C05C35 /* XCRemoteSwiftPackageReference "firebase-ios-sdk" */,
			);
			productRefGroup = B0007F9C2D5D35A6003C682A /* Products */;
			projectDirPath = "";
			projectRoot = "";
			targets = (
				B0007F9A2D5D35A6003C682A /* ChefMate Recipe App */,
			);
		};
/* End PBXProject section */

/* Begin PBXResourcesBuildPhase section */
		B0007F992D5D35A6003C682A /* Resources */ = {
			isa = PBXResourcesBuildPhase;
			buildActionMask = 2147483647;
			files = (
				B0007FA62D5D35A8003C682A /* Preview Assets.xcassets in Resources */,
				B0007FA32D5D35A8003C682A /* Assets.xcassets in Resources */,
				5DD8E00B2D66728500C05C35 /* GoogleService-Info.plist in Resources */,
			);
			runOnlyForDeploymentPostprocessing = 0;
		};
/* End PBXResourcesBuildPhase section */

/* Begin PBXSourcesBuildPhase section */
		B0007F972D5D35A6003C682A /* Sources */ = {
			isa = PBXSourcesBuildPhase;
			buildActionMask = 2147483647;
			files = (
				B063E27C2D8313840017759E /* RecipeInfoView.swift in Sources */,
				B063E2782D820A4A0017759E /* RecipeCard.swift in Sources */,
				B063E27A2D83078F0017759E /* ExploreScreen.swift in Sources */,
				B0A585A52D79FD35009EEAC1 /* HomeView.swift in Sources */,
				B0A1A8082D94801E006A484F /* ProfileScreen.swift in Sources */,
				B0F3074E2D90B5E900ACEA7F /* Instruction.swift in Sources */,
				5DD8E0002D666B0400C05C35 /* HomeScreen.swift in Sources */,
				D77165E02D8F79A600886C91 /* RecipeSearchResult.swift in Sources */,
				B0F307502D90B5F100ACEA7F /* Step.swift in Sources */,
				B08D78F12D87732A00621B21 /* Recipe Card Model.swift in Sources */,
				B063E2722D81F4F60017759E /* ApiManager.swift in Sources */,
				B09646D72D8A50FB00C481AB /* StripHTML.swift in Sources */,
				B08D78EF2D876FDC00621B21 /* Ingredient.swift in Sources */,
				B063E2762D8206000017759E /* RecipeScrollView.swift in Sources */,
				5DD8DFFE2D6665F900C05C35 /* SplashScreen.swift in Sources */,
				5DD8E0122D6675B800C05C35 /* FirebaseManager.swift in Sources */,
				5DD8E00F2D6674AF00C05C35 /* User.swift in Sources */,
				D77165DA2D8F666C00886C91 /* RecipeSearchBuilder.swift in Sources */,
				B0A585A32D79F039009EEAC1 /* RegisterScreen.swift in Sources */,
				B0007FA12D5D35A6003C682A /* ContentView.swift in Sources */,
				B0007F9F2D5D35A6003C682A /* ChefMate_Recipe_AppApp.swift in Sources */,
				B063E27E2D832F740017759E /* Filter.swift in Sources */,
				5DD8E00D2D66749C00C05C35 /* LoginScreen.swift in Sources */,
				B0A1A8062D947F3C006A484F /* PortfolioScreen.swift in Sources */,
				B063E2742D81F53F0017759E /* Recipe.swift in Sources */,
			);
			runOnlyForDeploymentPostprocessing = 0;
		};
/* End PBXSourcesBuildPhase section */

/* Begin XCBuildConfiguration section */
		B0007FA72D5D35A8003C682A /* Debug */ = {
			isa = XCBuildConfiguration;
			buildSettings = {
				ALWAYS_SEARCH_USER_PATHS = NO;
				CLANG_ANALYZER_NONNULL = YES;
				CLANG_ANALYZER_NUMBER_OBJECT_CONVERSION = YES_AGGRESSIVE;
				CLANG_CXX_LANGUAGE_STANDARD = "gnu++20";
				CLANG_ENABLE_MODULES = YES;
				CLANG_ENABLE_OBJC_ARC = YES;
				CLANG_ENABLE_OBJC_WEAK = YES;
				CLANG_WARN_BLOCK_CAPTURE_AUTORELEASING = YES;
				CLANG_WARN_BOOL_CONVERSION = YES;
				CLANG_WARN_COMMA = YES;
				CLANG_WARN_CONSTANT_CONVERSION = YES;
				CLANG_WARN_DEPRECATED_OBJC_IMPLEMENTATIONS = YES;
				CLANG_WARN_DIRECT_OBJC_ISA_USAGE = YES_ERROR;
				CLANG_WARN_DOCUMENTATION_COMMENTS = YES;
				CLANG_WARN_EMPTY_BODY = YES;
				CLANG_WARN_ENUM_CONVERSION = YES;
				CLANG_WARN_INFINITE_RECURSION = YES;
				CLANG_WARN_INT_CONVERSION = YES;
				CLANG_WARN_NON_LITERAL_NULL_CONVERSION = YES;
				CLANG_WARN_OBJC_IMPLICIT_RETAIN_SELF = YES;
				CLANG_WARN_OBJC_LITERAL_CONVERSION = YES;
				CLANG_WARN_OBJC_ROOT_CLASS = YES_ERROR;
				CLANG_WARN_QUOTED_INCLUDE_IN_FRAMEWORK_HEADER = YES;
				CLANG_WARN_RANGE_LOOP_ANALYSIS = YES;
				CLANG_WARN_STRICT_PROTOTYPES = YES;
				CLANG_WARN_SUSPICIOUS_MOVE = YES;
				CLANG_WARN_UNGUARDED_AVAILABILITY = YES_AGGRESSIVE;
				CLANG_WARN_UNREACHABLE_CODE = YES;
				CLANG_WARN__DUPLICATE_METHOD_MATCH = YES;
				COPY_PHASE_STRIP = NO;
				DEBUG_INFORMATION_FORMAT = dwarf;
				ENABLE_STRICT_OBJC_MSGSEND = YES;
				ENABLE_TESTABILITY = YES;
				GCC_C_LANGUAGE_STANDARD = gnu11;
				GCC_DYNAMIC_NO_PIC = NO;
				GCC_NO_COMMON_BLOCKS = YES;
				GCC_OPTIMIZATION_LEVEL = 0;
				GCC_PREPROCESSOR_DEFINITIONS = (
					"DEBUG=1",
					"$(inherited)",
				);
				GCC_WARN_64_TO_32_BIT_CONVERSION = YES;
				GCC_WARN_ABOUT_RETURN_TYPE = YES_ERROR;
				GCC_WARN_UNDECLARED_SELECTOR = YES;
				GCC_WARN_UNINITIALIZED_AUTOS = YES_AGGRESSIVE;
				GCC_WARN_UNUSED_FUNCTION = YES;
				GCC_WARN_UNUSED_VARIABLE = YES;
				IPHONEOS_DEPLOYMENT_TARGET = 16.2;
				MTL_ENABLE_DEBUG_INFO = INCLUDE_SOURCE;
				MTL_FAST_MATH = YES;
				ONLY_ACTIVE_ARCH = YES;
				SDKROOT = iphoneos;
				SWIFT_ACTIVE_COMPILATION_CONDITIONS = DEBUG;
				SWIFT_OPTIMIZATION_LEVEL = "-Onone";
			};
			name = Debug;
		};
		B0007FA82D5D35A8003C682A /* Release */ = {
			isa = XCBuildConfiguration;
			buildSettings = {
				ALWAYS_SEARCH_USER_PATHS = NO;
				CLANG_ANALYZER_NONNULL = YES;
				CLANG_ANALYZER_NUMBER_OBJECT_CONVERSION = YES_AGGRESSIVE;
				CLANG_CXX_LANGUAGE_STANDARD = "gnu++20";
				CLANG_ENABLE_MODULES = YES;
				CLANG_ENABLE_OBJC_ARC = YES;
				CLANG_ENABLE_OBJC_WEAK = YES;
				CLANG_WARN_BLOCK_CAPTURE_AUTORELEASING = YES;
				CLANG_WARN_BOOL_CONVERSION = YES;
				CLANG_WARN_COMMA = YES;
				CLANG_WARN_CONSTANT_CONVERSION = YES;
				CLANG_WARN_DEPRECATED_OBJC_IMPLEMENTATIONS = YES;
				CLANG_WARN_DIRECT_OBJC_ISA_USAGE = YES_ERROR;
				CLANG_WARN_DOCUMENTATION_COMMENTS = YES;
				CLANG_WARN_EMPTY_BODY = YES;
				CLANG_WARN_ENUM_CONVERSION = YES;
				CLANG_WARN_INFINITE_RECURSION = YES;
				CLANG_WARN_INT_CONVERSION = YES;
				CLANG_WARN_NON_LITERAL_NULL_CONVERSION = YES;
				CLANG_WARN_OBJC_IMPLICIT_RETAIN_SELF = YES;
				CLANG_WARN_OBJC_LITERAL_CONVERSION = YES;
				CLANG_WARN_OBJC_ROOT_CLASS = YES_ERROR;
				CLANG_WARN_QUOTED_INCLUDE_IN_FRAMEWORK_HEADER = YES;
				CLANG_WARN_RANGE_LOOP_ANALYSIS = YES;
				CLANG_WARN_STRICT_PROTOTYPES = YES;
				CLANG_WARN_SUSPICIOUS_MOVE = YES;
				CLANG_WARN_UNGUARDED_AVAILABILITY = YES_AGGRESSIVE;
				CLANG_WARN_UNREACHABLE_CODE = YES;
				CLANG_WARN__DUPLICATE_METHOD_MATCH = YES;
				COPY_PHASE_STRIP = NO;
				DEBUG_INFORMATION_FORMAT = "dwarf-with-dsym";
				ENABLE_NS_ASSERTIONS = NO;
				ENABLE_STRICT_OBJC_MSGSEND = YES;
				GCC_C_LANGUAGE_STANDARD = gnu11;
				GCC_NO_COMMON_BLOCKS = YES;
				GCC_WARN_64_TO_32_BIT_CONVERSION = YES;
				GCC_WARN_ABOUT_RETURN_TYPE = YES_ERROR;
				GCC_WARN_UNDECLARED_SELECTOR = YES;
				GCC_WARN_UNINITIALIZED_AUTOS = YES_AGGRESSIVE;
				GCC_WARN_UNUSED_FUNCTION = YES;
				GCC_WARN_UNUSED_VARIABLE = YES;
				IPHONEOS_DEPLOYMENT_TARGET = 16.2;
				MTL_ENABLE_DEBUG_INFO = NO;
				MTL_FAST_MATH = YES;
				SDKROOT = iphoneos;
				SWIFT_COMPILATION_MODE = wholemodule;
				SWIFT_OPTIMIZATION_LEVEL = "-O";
				VALIDATE_PRODUCT = YES;
			};
			name = Release;
		};
		B0007FAA2D5D35A8003C682A /* Debug */ = {
			isa = XCBuildConfiguration;
			buildSettings = {
				ASSETCATALOG_COMPILER_APPICON_NAME = AppIcon;
				ASSETCATALOG_COMPILER_GLOBAL_ACCENT_COLOR_NAME = AccentColor;
				CODE_SIGN_STYLE = Automatic;
				CURRENT_PROJECT_VERSION = 1;
				DEVELOPMENT_ASSET_PATHS = "\"ChefMate Recipe App/Preview Content\"";
				ENABLE_PREVIEWS = YES;
				GENERATE_INFOPLIST_FILE = YES;
				INFOPLIST_KEY_UIApplicationSceneManifest_Generation = YES;
				INFOPLIST_KEY_UIApplicationSupportsIndirectInputEvents = YES;
				INFOPLIST_KEY_UILaunchScreen_Generation = YES;
				INFOPLIST_KEY_UISupportedInterfaceOrientations_iPad = "UIInterfaceOrientationPortrait UIInterfaceOrientationPortraitUpsideDown UIInterfaceOrientationLandscapeLeft UIInterfaceOrientationLandscapeRight";
				INFOPLIST_KEY_UISupportedInterfaceOrientations_iPhone = "UIInterfaceOrientationPortrait UIInterfaceOrientationLandscapeLeft UIInterfaceOrientationLandscapeRight";
				IPHONEOS_DEPLOYMENT_TARGET = 15.2;
				"IPHONEOS_DEPLOYMENT_TARGET[sdk=iphoneos*]" = 17.2;
				LD_RUNPATH_SEARCH_PATHS = (
					"$(inherited)",
					"@executable_path/Frameworks",
				);
				MARKETING_VERSION = 1.0;
				PRODUCT_BUNDLE_IDENTIFIER = "com.ariel.ChefMate-Recipe-App";
				PRODUCT_NAME = "$(TARGET_NAME)";
				SWIFT_EMIT_LOC_STRINGS = YES;
				SWIFT_VERSION = 5.0;
				TARGETED_DEVICE_FAMILY = "1,2";
			};
			name = Debug;
		};
		B0007FAB2D5D35A8003C682A /* Release */ = {
			isa = XCBuildConfiguration;
			buildSettings = {
				ASSETCATALOG_COMPILER_APPICON_NAME = AppIcon;
				ASSETCATALOG_COMPILER_GLOBAL_ACCENT_COLOR_NAME = AccentColor;
				CODE_SIGN_STYLE = Automatic;
				CURRENT_PROJECT_VERSION = 1;
				DEVELOPMENT_ASSET_PATHS = "\"ChefMate Recipe App/Preview Content\"";
				ENABLE_PREVIEWS = YES;
				GENERATE_INFOPLIST_FILE = YES;
				INFOPLIST_KEY_UIApplicationSceneManifest_Generation = YES;
				INFOPLIST_KEY_UIApplicationSupportsIndirectInputEvents = YES;
				INFOPLIST_KEY_UILaunchScreen_Generation = YES;
				INFOPLIST_KEY_UISupportedInterfaceOrientations_iPad = "UIInterfaceOrientationPortrait UIInterfaceOrientationPortraitUpsideDown UIInterfaceOrientationLandscapeLeft UIInterfaceOrientationLandscapeRight";
				INFOPLIST_KEY_UISupportedInterfaceOrientations_iPhone = "UIInterfaceOrientationPortrait UIInterfaceOrientationLandscapeLeft UIInterfaceOrientationLandscapeRight";
				IPHONEOS_DEPLOYMENT_TARGET = 15.2;
				"IPHONEOS_DEPLOYMENT_TARGET[sdk=iphoneos*]" = 17.2;
				LD_RUNPATH_SEARCH_PATHS = (
					"$(inherited)",
					"@executable_path/Frameworks",
				);
				MARKETING_VERSION = 1.0;
				PRODUCT_BUNDLE_IDENTIFIER = "com.ariel.ChefMate-Recipe-App";
				PRODUCT_NAME = "$(TARGET_NAME)";
				SWIFT_EMIT_LOC_STRINGS = YES;
				SWIFT_VERSION = 5.0;
				TARGETED_DEVICE_FAMILY = "1,2";
			};
			name = Release;
		};
/* End XCBuildConfiguration section */

/* Begin XCConfigurationList section */
		B0007F962D5D35A6003C682A /* Build configuration list for PBXProject "ChefMate Recipe App" */ = {
			isa = XCConfigurationList;
			buildConfigurations = (
				B0007FA72D5D35A8003C682A /* Debug */,
				B0007FA82D5D35A8003C682A /* Release */,
			);
			defaultConfigurationIsVisible = 0;
			defaultConfigurationName = Release;
		};
		B0007FA92D5D35A8003C682A /* Build configuration list for PBXNativeTarget "ChefMate Recipe App" */ = {
			isa = XCConfigurationList;
			buildConfigurations = (
				B0007FAA2D5D35A8003C682A /* Debug */,
				B0007FAB2D5D35A8003C682A /* Release */,
			);
			defaultConfigurationIsVisible = 0;
			defaultConfigurationName = Release;
		};
/* End XCConfigurationList section */

/* Begin XCRemoteSwiftPackageReference section */
		5DD8E0032D66701600C05C35 /* XCRemoteSwiftPackageReference "firebase-ios-sdk" */ = {
			isa = XCRemoteSwiftPackageReference;
			repositoryURL = "https://github.com/firebase/firebase-ios-sdk";
			requirement = {
				kind = exactVersion;
				version = 10.29.0;
			};
		};
/* End XCRemoteSwiftPackageReference section */

/* Begin XCSwiftPackageProductDependency section */
		5DD8E0042D66701600C05C35 /* FirebaseAuth */ = {
			isa = XCSwiftPackageProductDependency;
			package = 5DD8E0032D66701600C05C35 /* XCRemoteSwiftPackageReference "firebase-ios-sdk" */;
			productName = FirebaseAuth;
		};
		5DD8E0062D66701600C05C35 /* FirebaseFirestore */ = {
			isa = XCSwiftPackageProductDependency;
			package = 5DD8E0032D66701600C05C35 /* XCRemoteSwiftPackageReference "firebase-ios-sdk" */;
			productName = FirebaseFirestore;
		};
/* End XCSwiftPackageProductDependency section */
	};
	rootObject = B0007F932D5D35A6003C682A /* Project object */;
}
